Microsoft Visual Studio Solution File, Format Version 8.00
Project("{F184B08F-C81C-45F6-A57F-5ABD9991F28F}") = "Learning", "Learning.vbproj", "{8FE55BB2-5A83-4029-9EEC-0029ACC356FD}"
	ProjectSection(ProjectDependencies) = postProject
	EndProjectSection
EndProject
Global
	GlobalSection(SolutionConfiguration) = preSolution
		Debug = Debug
		Release = Release
	EndGlobalSection
	GlobalSection(ProjectConfiguration) = postSolution
		{8FE55BB2-5A83-4029-9EEC-0029ACC356FD}.Debug.ActiveCfg = Debug|.NET
		{8FE55BB2-5A83-4029-9EEC-0029ACC356FD}.Debug.Build.0 = Debug|.NET
		{8FE55BB2-5A83-4029-9EEC-0029ACC356FD}.Release.ActiveCfg = Release|.NET
		{8FE55BB2-5A83-4029-9EEC-0029ACC356FD}.Release.Build.0 = Release|.NET
	EndGlobalSection
	GlobalSection(ExtensibilityGlobals) = postSolution
	EndGlobalSection
	GlobalSection(ExtensibilityAddIns) = postSolution
	EndGlobalSection
EndGlobal
